{
    "name": "@bighuman/dependent",
    "version": "0.0.1-npm-link",
    "lockfileVersion": 2,
    "requires": true,
    "packages": {
        "": {
            "name": "@bighuman/dependent",
            "version": "0.0.1-npm-link",
            "dependencies": {
                "@bighuman/dependency": "file:../dependency"
            }
        },
        "../dependency": {
            "name": "@bighuman/dependency",
            "version": "0.0.1-npm-link"
        },
        "node_modules/@bighuman/dependency": {
            "resolved": "../dependency",
            "link": true
        }
    },
    "dependencies": {
        "@bighuman/dependency": {
            "version": "file:../dependency"
        }
    }
}
